
Microsoft Visual Studio Solution File, Format Version 12.00
# Visual Studio Version 17
VisualStudioVersion = 17.0.31903.59
MinimumVisualStudioVersion = 10.0.40219.1
Project("{2150E333-8FDC-42A3-9474-1A3956D46DE8}") = "src", "src", "{807DB025-C7D7-45B3-8037-5F899D347666}"
EndProject
Project("{FAE04EC0-301F-11D3-BF4B-00C04F79EFBC}") = "AuctionService", "src\AuctionService\AuctionService.csproj", "{A78932BC-E6F5-490C-9023-DF590EEB5172}"
EndProject
Global
	GlobalSection(SolutionConfigurationPlatforms) = preSolution
		Debug|Any CPU = Debug|Any CPU
		Release|Any CPU = Release|Any CPU
	EndGlobalSection
	GlobalSection(ProjectConfigurationPlatforms) = postSolution
		{A78932BC-E6F5-490C-9023-DF590EEB5172}.Debug|Any CPU.ActiveCfg = Debug|Any CPU
		{A78932BC-E6F5-490C-9023-DF590EEB5172}.Debug|Any CPU.Build.0 = Debug|Any CPU
		{A78932BC-E6F5-490C-9023-DF590EEB5172}.Release|Any CPU.ActiveCfg = Release|Any CPU
		{A78932BC-E6F5-490C-9023-DF590EEB5172}.Release|Any CPU.Build.0 = Release|Any CPU
	EndGlobalSection
	GlobalSection(SolutionProperties) = preSolution
		HideSolutionNode = FALSE
	EndGlobalSection
	GlobalSection(NestedProjects) = preSolution
		{A78932BC-E6F5-490C-9023-DF590EEB5172} = {807DB025-C7D7-45B3-8037-5F899D347666}
	EndGlobalSection
EndGlobal
